// !$*UTF8*$!
{
	archiveVersion = 1;
	classes = {
	};
	objectVersion = 50;
	objects = {

/* Begin PBXBuildFile section */
		BFAADAC124EF2AF400AF2BA8 /* AppDelegate.swift in Sources */ = {isa = PBXBuildFile; fileRef = BFAADAC024EF2AF400AF2BA8 /* AppDelegate.swift */; };
		BFAADAC324EF2AF400AF2BA8 /* SceneDelegate.swift in Sources */ = {isa = PBXBuildFile; fileRef = BFAADAC224EF2AF400AF2BA8 /* SceneDelegate.swift */; };
		BFAADAC524EF2AF400AF2BA8 /* ViewController.swift in Sources */ = {isa = PBXBuildFile; fileRef = BFAADAC424EF2AF400AF2BA8 /* ViewController.swift */; };
		BFAADAC824EF2AF400AF2BA8 /* Main.storyboard in Resources */ = {isa = PBXBuildFile; fileRef = BFAADAC624EF2AF400AF2BA8 /* Main.storyboard */; };
		BFAADACA24EF2AF700AF2BA8 /* Assets.xcassets in Resources */ = {isa = PBXBuildFile; fileRef = BFAADAC924EF2AF700AF2BA8 /* Assets.xcassets */; };
		BFAADACD24EF2AF700AF2BA8 /* LaunchScreen.storyboard in Resources */ = {isa = PBXBuildFile; fileRef = BFAADACB24EF2AF700AF2BA8 /* LaunchScreen.storyboard */; };
/* End PBXBuildFile section */

/* Begin PBXFileReference section */
		BFAADABD24EF2AF400AF2BA8 /* Hype35.app */ = {isa = PBXFileReference; explicitFileType = wrapper.application; includeInIndex = 0; path = Hype35.app; sourceTree = BUILT_PRODUCTS_DIR; };
		BFAADAC024EF2AF400AF2BA8 /* AppDelegate.swift */ = {isa = PBXFileReference; lastKnownFileType = sourcecode.swift; path = AppDelegate.swift; sourceTree = "<group>"; };
		BFAADAC224EF2AF400AF2BA8 /* SceneDelegate.swift */ = {isa = PBXFileReference; lastKnownFileType = sourcecode.swift; path = SceneDelegate.swift; sourceTree = "<group>"; };
		BFAADAC424EF2AF400AF2BA8 /* ViewController.swift */ = {isa = PBXFileReference; lastKnownFileType = sourcecode.swift; path = ViewController.swift; sourceTree = "<group>"; };
		BFAADAC724EF2AF400AF2BA8 /* Base */ = {isa = PBXFileReference; lastKnownFileType = file.storyboard; name = Base; path = Base.lproj/Main.storyboard; sourceTree = "<group>"; };
		BFAADAC924EF2AF700AF2BA8 /* Assets.xcassets */ = {isa = PBXFileReference; lastKnownFileType = folder.assetcatalog; path = Assets.xcassets; sourceTree = "<group>"; };
		BFAADACC24EF2AF700AF2BA8 /* Base */ = {isa = PBXFileReference; lastKnownFileType = file.storyboard; name = Base; path = Base.lproj/LaunchScreen.storyboard; sourceTree = "<group>"; };
		BFAADACE24EF2AF700AF2BA8 /* Info.plist */ = {isa = PBXFileReference; lastKnownFileType = text.plist.xml; path = Info.plist; sourceTree = "<group>"; };
/* End PBXFileReference section */

/* Begin PBXFrameworksBuildPhase section */
		BFAADABA24EF2AF400AF2BA8 /* Frameworks */ = {
			isa = PBXFrameworksBuildPhase;
			buildActionMask = 2147483647;
			files = (
			);
			runOnlyForDeploymentPostprocessing = 0;
		};
/* End PBXFrameworksBuildPhase section */

/* Begin PBXGroup section */
		BFAADAB424EF2AF400AF2BA8 = {
			isa = PBXGroup;
			children = (
				BFAADABF24EF2AF400AF2BA8 /* Hype35 */,
				BFAADABE24EF2AF400AF2BA8 /* Products */,
			);
			sourceTree = "<group>";
		};
		BFAADABE24EF2AF400AF2BA8 /* Products */ = {
			isa = PBXGroup;
			children = (
				BFAADABD24EF2AF400AF2BA8 /* Hype35.app */,
			);
			name = Products;
			sourceTree = "<group>";
		};
		BFAADABF24EF2AF400AF2BA8 /* Hype35 */ = {
			isa = PBXGroup;
			children = (
				BFAADAD424EF2B0900AF2BA8 /* Resources */,
				BFAADAC424EF2AF400AF2BA8 /* ViewController.swift */,
				BFAADAC624EF2AF400AF2BA8 /* Main.storyboard */,
				BFAADACB24EF2AF700AF2BA8 /* LaunchScreen.storyboard */,
			);
			path = Hype35;
			sourceTree = "<group>";
		};
		BFAADAD424EF2B0900AF2BA8 /* Resources */ = {
			isa = PBXGroup;
			children = (
				BFAADAC024EF2AF400AF2BA8 /* AppDelegate.swift */,
				BFAADAC224EF2AF400AF2BA8 /* SceneDelegate.swift */,
				BFAADAC924EF2AF700AF2BA8 /* Assets.xcassets */,
				BFAADACE24EF2AF700AF2BA8 /* Info.plist */,
			);
			path = Resources;
			sourceTree = "<group>";
		};
/* End PBXGroup section */

/* Begin PBXNativeTarget section */
		BFAADABC24EF2AF400AF2BA8 /* Hype35 */ = {
			isa = PBXNativeTarget;
			buildConfigurationList = BFAADAD124EF2AF700AF2BA8 /* Build configuration list for PBXNativeTarget "Hype35" */;
			buildPhases = (
				BFAADAB924EF2AF400AF2BA8 /* Sources */,
				BFAADABA24EF2AF400AF2BA8 /* Frameworks */,
				BFAADABB24EF2AF400AF2BA8 /* Resources */,
			);
			buildRules = (
			);
			dependencies = (
			);
			name = Hype35;
			productName = Hype35;
			productReference = BFAADABD24EF2AF400AF2BA8 /* Hype35.app */;
			productType = "com.apple.product-type.application";
		};
/* End PBXNativeTarget section */

/* Begin PBXProject section */
		BFAADAB524EF2AF400AF2BA8 /* Project object */ = {
			isa = PBXProject;
			attributes = {
				LastSwiftUpdateCheck = 1160;
				LastUpgradeCheck = 1160;
				ORGANIZATIONNAME = "Ben Brandau";
				TargetAttributes = {
					BFAADABC24EF2AF400AF2BA8 = {
						CreatedOnToolsVersion = 11.6;
					};
				};
			};
			buildConfigurationList = BFAADAB824EF2AF400AF2BA8 /* Build configuration list for PBXProject "Hype35" */;
			compatibilityVersion = "Xcode 9.3";
			developmentRegion = en;
			hasScannedForEncodings = 0;
			knownRegions = (
				en,
				Base,
			);
			mainGroup = BFAADAB424EF2AF400AF2BA8;
			productRefGroup = BFAADABE24EF2AF400AF2BA8 /* Products */;
			projectDirPath = "";
			projectRoot = "";
			targets = (
				BFAADABC24EF2AF400AF2BA8 /* Hype35 */,
			);
		};
/* End PBXProject section */

/* Begin PBXResourcesBuildPhase section */
		BFAADABB24EF2AF400AF2BA8 /* Resources */ = {
			isa = PBXResourcesBuildPhase;
			buildActionMask = 2147483647;
			files = (
				BFAADACD24EF2AF700AF2BA8 /* LaunchScreen.storyboard in Resources */,
				BFAADACA24EF2AF700AF2BA8 /* Assets.xcassets in Resources */,
				BFAADAC824EF2AF400AF2BA8 /* Main.storyboard in Resources */,
			);
			runOnlyForDeploymentPostprocessing = 0;
		};
/* End PBXResourcesBuildPhase section */

/* Begin PBXSourcesBuildPhase section */
		BFAADAB924EF2AF400AF2BA8 /* Sources */ = {
			isa = PBXSourcesBuildPhase;
			buildActionMask = 2147483647;
			files = (
				BFAADAC524EF2AF400AF2BA8 /* ViewController.swift in Sources */,
				BFAADAC124EF2AF400AF2BA8 /* AppDelegate.swift in Sources */,
				BFAADAC324EF2AF400AF2BA8 /* SceneDelegate.swift in Sources */,
			);
			runOnlyForDeploymentPostprocessing = 0;
		};
/* End PBXSourcesBuildPhase section */

/* Begin PBXVariantGroup section */
		BFAADAC624EF2AF400AF2BA8 /* Main.storyboard */ = {
			isa = PBXVariantGroup;
			children = (
				BFAADAC724EF2AF400AF2BA8 /* Base */,
			);
			name = Main.storyboard;
			sourceTree = "<group>";
		};
		BFAADACB24EF2AF700AF2BA8 /* LaunchScreen.storyboard */ = {
			isa = PBXVariantGroup;
			children = (
				BFAADACC24EF2AF700AF2BA8 /* Base */,
			);
			name = LaunchScreen.storyboard;
			sourceTree = "<group>";
		};
/* End PBXVariantGroup section */

/* Begin XCBuildConfiguration section */
		BFAADACF24EF2AF700AF2BA8 /* Debug */ = {
			isa = XCBuildConfiguration;
			buildSettings = {
				ALWAYS_SEARCH_USER_PATHS = NO;
				CLANG_ANALYZER_NONNULL = YES;
				CLANG_ANALYZER_NUMBER_OBJECT_CONVERSION = YES_AGGRESSIVE;
				CLANG_CXX_LANGUAGE_STANDARD = "gnu++14";
				CLANG_CXX_LIBRARY = "libc++";
				CLANG_ENABLE_MODULES = YES;
				CLANG_ENABLE_OBJC_ARC = YES;
				CLANG_ENABLE_OBJC_WEAK = YES;
				CLANG_WARN_BLOCK_CAPTURE_AUTORELEASING = YES;
				CLANG_WARN_BOOL_CONVERSION = YES;
				CLANG_WARN_COMMA = YES;
				CLANG_WARN_CONSTANT_CONVERSION = YES;
				CLANG_WARN_DEPRECATED_OBJC_IMPLEMENTATIONS = YES;
				CLANG_WARN_DIRECT_OBJC_ISA_USAGE = YES_ERROR;
				CLANG_WARN_DOCUMENTATION_COMMENTS = YES;
				CLANG_WARN_EMPTY_BODY = YES;
				CLANG_WARN_ENUM_CONVERSION = YES;
				CLANG_WARN_INFINITE_RECURSION = YES;
				CLANG_WARN_INT_CONVERSION = YES;
				CLANG_WARN_NON_LITERAL_NULL_CONVERSION = YES;
				CLANG_WARN_OBJC_IMPLICIT_RETAIN_SELF = YES;
				CLANG_WARN_OBJC_LITERAL_CONVERSION = YES;
				CLANG_WARN_OBJC_ROOT_CLASS = YES_ERROR;
				CLANG_WARN_RANGE_LOOP_ANALYSIS = YES;
				CLANG_WARN_STRICT_PROTOTYPES = YES;
				CLANG_WARN_SUSPICIOUS_MOVE = YES;
				CLANG_WARN_UNGUARDED_AVAILABILITY = YES_AGGRESSIVE;
				CLANG_WARN_UNREACHABLE_CODE = YES;
				CLANG_WARN__DUPLICATE_METHOD_MATCH = YES;
				COPY_PHASE_STRIP = NO;
				DEBUG_INFORMATION_FORMAT = dwarf;
				ENABLE_STRICT_OBJC_MSGSEND = YES;
				ENABLE_TESTABILITY = YES;
				GCC_C_LANGUAGE_STANDARD = gnu11;
				GCC_DYNAMIC_NO_PIC = NO;
				GCC_NO_COMMON_BLOCKS = YES;
				GCC_OPTIMIZATION_LEVEL = 0;
				GCC_PREPROCESSOR_DEFINITIONS = (
					"DEBUG=1",
					"$(inherited)",
				);
				GCC_WARN_64_TO_32_BIT_CONVERSION = YES;
				GCC_WARN_ABOUT_RETURN_TYPE = YES_ERROR;
				GCC_WARN_UNDECLARED_SELECTOR = YES;
				GCC_WARN_UNINITIALIZED_AUTOS = YES_AGGRESSIVE;
				GCC_WARN_UNUSED_FUNCTION = YES;
				GCC_WARN_UNUSED_VARIABLE = YES;
				IPHONEOS_DEPLOYMENT_TARGET = 13.6;
				MTL_ENABLE_DEBUG_INFO = INCLUDE_SOURCE;
				MTL_FAST_MATH = YES;
				ONLY_ACTIVE_ARCH = YES;
				SDKROOT = iphoneos;
				SWIFT_ACTIVE_COMPILATION_CONDITIONS = DEBUG;
				SWIFT_OPTIMIZATION_LEVEL = "-Onone";
			};
			name = Debug;
		};
		BFAADAD024EF2AF700AF2BA8 /* Release */ = {
			isa = XCBuildConfiguration;
			buildSettings = {
				ALWAYS_SEARCH_USER_PATHS = NO;
				CLANG_ANALYZER_NONNULL = YES;
				CLANG_ANALYZER_NUMBER_OBJECT_CONVERSION = YES_AGGRESSIVE;
				CLANG_CXX_LANGUAGE_STANDARD = "gnu++14";
				CLANG_CXX_LIBRARY = "libc++";
				CLANG_ENABLE_MODULES = YES;
				CLANG_ENABLE_OBJC_ARC = YES;
				CLANG_ENABLE_OBJC_WEAK = YES;
				CLANG_WARN_BLOCK_CAPTURE_AUTORELEASING = YES;
				CLANG_WARN_BOOL_CONVERSION = YES;
				CLANG_WARN_COMMA = YES;
				CLANG_WARN_CONSTANT_CONVERSION = YES;
				CLANG_WARN_DEPRECATED_OBJC_IMPLEMENTATIONS = YES;
				CLANG_WARN_DIRECT_OBJC_ISA_USAGE = YES_ERROR;
				CLANG_WARN_DOCUMENTATION_COMMENTS = YES;
				CLANG_WARN_EMPTY_BODY = YES;
				CLANG_WARN_ENUM_CONVERSION = YES;
				CLANG_WARN_INFINITE_RECURSION = YES;
				CLANG_WARN_INT_CONVERSION = YES;
				CLANG_WARN_NON_LITERAL_NULL_CONVERSION = YES;
				CLANG_WARN_OBJC_IMPLICIT_RETAIN_SELF = YES;
				CLANG_WARN_OBJC_LITERAL_CONVERSION = YES;
				CLANG_WARN_OBJC_ROOT_CLASS = YES_ERROR;
				CLANG_WARN_RANGE_LOOP_ANALYSIS = YES;
				CLANG_WARN_STRICT_PROTOTYPES = YES;
				CLANG_WARN_SUSPICIOUS_MOVE = YES;
				CLANG_WARN_UNGUARDED_AVAILABILITY = YES_AGGRESSIVE;
				CLANG_WARN_UNREACHABLE_CODE = YES;
				CLANG_WARN__DUPLICATE_METHOD_MATCH = YES;
				COPY_PHASE_STRIP = NO;
				DEBUG_INFORMATION_FORMAT = "dwarf-with-dsym";
				ENABLE_NS_ASSERTIONS = NO;
				ENABLE_STRICT_OBJC_MSGSEND = YES;
				GCC_C_LANGUAGE_STANDARD = gnu11;
				GCC_NO_COMMON_BLOCKS = YES;
				GCC_WARN_64_TO_32_BIT_CONVERSION = YES;
				GCC_WARN_ABOUT_RETURN_TYPE = YES_ERROR;
				GCC_WARN_UNDECLARED_SELECTOR = YES;
				GCC_WARN_UNINITIALIZED_AUTOS = YES_AGGRESSIVE;
				GCC_WARN_UNUSED_FUNCTION = YES;
				GCC_WARN_UNUSED_VARIABLE = YES;
				IPHONEOS_DEPLOYMENT_TARGET = 13.6;
				MTL_ENABLE_DEBUG_INFO = NO;
				MTL_FAST_MATH = YES;
				SDKROOT = iphoneos;
				SWIFT_COMPILATION_MODE = wholemodule;
				SWIFT_OPTIMIZATION_LEVEL = "-O";
				VALIDATE_PRODUCT = YES;
			};
			name = Release;
		};
		BFAADAD224EF2AF700AF2BA8 /* Debug */ = {
			isa = XCBuildConfiguration;
			buildSettings = {
				ASSETCATALOG_COMPILER_APPICON_NAME = AppIcon;
				CODE_SIGN_STYLE = Automatic;
				DEVELOPMENT_TEAM = 73V52F7L32;
				INFOPLIST_FILE = Hype35/Resources/Info.plist;
				LD_RUNPATH_SEARCH_PATHS = (
					"$(inherited)",
					"@executable_path/Frameworks",
				);
				PRODUCT_BUNDLE_IDENTIFIER = com.Brandau.Hype35;
				PRODUCT_NAME = "$(TARGET_NAME)";
				SWIFT_VERSION = 5.0;
				TARGETED_DEVICE_FAMILY = "1,2";
			};
			name = Debug;
		};
		BFAADAD324EF2AF700AF2BA8 /* Release */ = {
			isa = XCBuildConfiguration;
			buildSettings = {
				ASSETCATALOG_COMPILER_APPICON_NAME = AppIcon;
				CODE_SIGN_STYLE = Automatic;
				DEVELOPMENT_TEAM = 73V52F7L32;
				INFOPLIST_FILE = Hype35/Resources/Info.plist;
				LD_RUNPATH_SEARCH_PATHS = (
					"$(inherited)",
					"@executable_path/Frameworks",
				);
				PRODUCT_BUNDLE_IDENTIFIER = com.Brandau.Hype35;
				PRODUCT_NAME = "$(TARGET_NAME)";
				SWIFT_VERSION = 5.0;
				TARGETED_DEVICE_FAMILY = "1,2";
			};
			name = Release;
		};
/* End XCBuildConfiguration section */

/* Begin XCConfigurationList section */
		BFAADAB824EF2AF400AF2BA8 /* Build configuration list for PBXProject "Hype35" */ = {
			isa = XCConfigurationList;
			buildConfigurations = (
				BFAADACF24EF2AF700AF2BA8 /* Debug */,
				BFAADAD024EF2AF700AF2BA8 /* Release */,
			);
			defaultConfigurationIsVisible = 0;
			defaultConfigurationName = Release;
		};
		BFAADAD124EF2AF700AF2BA8 /* Build configuration list for PBXNativeTarget "Hype35" */ = {
			isa = XCConfigurationList;
			buildConfigurations = (
				BFAADAD224EF2AF700AF2BA8 /* Debug */,
				BFAADAD324EF2AF700AF2BA8 /* Release */,
			);
			defaultConfigurationIsVisible = 0;
			defaultConfigurationName = Release;
		};
/* End XCConfigurationList section */
	};
	rootObject = BFAADAB524EF2AF400AF2BA8 /* Project object */;
}
